
Microsoft Visual Studio Solution File, Format Version 12.00
# Visual Studio Version 17
VisualStudioVersion = 17.5.33424.131
MinimumVisualStudioVersion = 10.0.40219.1
Project("{FAE04EC0-301F-11D3-BF4B-00C04F79EFBC}") = "DiscordDLLProyect", "DiscordDLLProyect\DiscordDLLProyect.csproj", "{C5500CF6-A616-4024-BA99-C5C31B5A5BF9}"
EndProject
Global
	GlobalSection(SolutionConfigurationPlatforms) = preSolution
		Debug|Any CPU = Debug|Any CPU
		Release|Any CPU = Release|Any CPU
	EndGlobalSection
	GlobalSection(ProjectConfigurationPlatforms) = postSolution
		{C5500CF6-A616-4024-BA99-C5C31B5A5BF9}.Debug|Any CPU.ActiveCfg = Debug|Any CPU
		{C5500CF6-A616-4024-BA99-C5C31B5A5BF9}.Debug|Any CPU.Build.0 = Debug|Any CPU
		{C5500CF6-A616-4024-BA99-C5C31B5A5BF9}.Release|Any CPU.ActiveCfg = Release|Any CPU
		{C5500CF6-A616-4024-BA99-C5C31B5A5BF9}.Release|Any CPU.Build.0 = Release|Any CPU
	EndGlobalSection
	GlobalSection(SolutionProperties) = preSolution
		HideSolutionNode = FALSE
	EndGlobalSection
	GlobalSection(ExtensibilityGlobals) = postSolution
		SolutionGuid = {3F5CEA2A-0631-4A12-BC5A-AA00E5A26ACD}
	EndGlobalSection
EndGlobal
